
Microsoft Visual Studio Solution File, Format Version 12.00
# Visual Studio Version 17
VisualStudioVersion = 17.7.34221.43
MinimumVisualStudioVersion = 10.0.40219.1
Project("{FAE04EC0-301F-11D3-BF4B-00C04F79EFBC}") = "D1_TypesAndVariables", "D1_TypesAndVariables\D1_TypesAndVariables.csproj", "{A9CA3A4B-6406-43AA-A53A-194B76868362}"
EndProject
Project("{FAE04EC0-301F-11D3-BF4B-00C04F79EFBC}") = "D2_Conditions", "D2_Conditions\D2_Conditions.csproj", "{177CFB61-3C4D-4707-8EC6-F1418077C3A6}"
EndProject
Project("{FAE04EC0-301F-11D3-BF4B-00C04F79EFBC}") = "D3_Methods", "D3_Methods\D3_Methods.csproj", "{6A3B268C-F93E-4638-A29F-A5719F786E1A}"
EndProject
Project("{FAE04EC0-301F-11D3-BF4B-00C04F79EFBC}") = "D4_Arrays", "D4_Arrays\D4_Arrays.csproj", "{7EECAE7A-24D1-4E58-897E-230BCCC432B3}"
EndProject
Project("{FAE04EC0-301F-11D3-BF4B-00C04F79EFBC}") = "D5_Loops", "D5_Loops\D5_Loops.csproj", "{B133A291-8A87-4C84-BCE9-DFB24620895E}"
EndProject
Project("{FAE04EC0-301F-11D3-BF4B-00C04F79EFBC}") = "D6_Strings", "D6_Strings\D6_Strings.csproj", "{827FBD40-0C2E-4B16-8879-0EC50CDB09D1}"
EndProject
Project("{FAE04EC0-301F-11D3-BF4B-00C04F79EFBC}") = "D7_Classes", "D7_Classes\D7_Classes.csproj", "{DD3CFF67-516A-4D05-A2B1-EF87118A77DE}"
EndProject
Project("{FAE04EC0-301F-11D3-BF4B-00C04F79EFBC}") = "D8_RecapDemo", "D8_RecapDemo\D8_RecapDemo.csproj", "{47472280-A3EF-4D38-A079-E15F13FEF388}"
EndProject
Project("{FAE04EC0-301F-11D3-BF4B-00C04F79EFBC}") = "D9_Interfaces", "D9_Interfaces\D9_Interfaces.csproj", "{C9337621-F301-4206-B341-57BB682A5FC7}"
EndProject
Project("{FAE04EC0-301F-11D3-BF4B-00C04F79EFBC}") = "D10_InterfacesDemo", "D10_InterfacesDemo\D10_InterfacesDemo.csproj", "{36F33E54-6A93-4C6B-A4AD-C124C29CE8AD}"
EndProject
Project("{FAE04EC0-301F-11D3-BF4B-00C04F79EFBC}") = "D11_Inheritance", "D11_Inheritance\D11_Inheritance.csproj", "{099E1B17-BA66-4DAE-9C1E-7285E436DC2B}"
EndProject
Project("{FAE04EC0-301F-11D3-BF4B-00C04F79EFBC}") = "D12_VirtualMethods", "D12_VirtualMethods\D12_VirtualMethods.csproj", "{E5B8C12D-2D7C-4771-997A-83734E2ADC16}"
EndProject
Project("{FAE04EC0-301F-11D3-BF4B-00C04F79EFBC}") = "D13_AbstractClasses", "D13_AbstractClasses\D13_AbstractClasses.csproj", "{38214378-3512-4FEA-8E47-B809FC4325E2}"
EndProject
Project("{FAE04EC0-301F-11D3-BF4B-00C04F79EFBC}") = "D14_RecapDemo", "D14_RecapDemo1\D14_RecapDemo.csproj", "{AF9FDF14-0BEB-4E32-8A83-55AB8C675D05}"
EndProject
Project("{FAE04EC0-301F-11D3-BF4B-00C04F79EFBC}") = "D15_Constructor", "D15_Constructor\D15_Constructor.csproj", "{B88C0EBB-83C9-49F0-86EC-80BCBC320374}"
EndProject
Project("{FAE04EC0-301F-11D3-BF4B-00C04F79EFBC}") = "D16_Collections", "D16_Collections\D16_Collections.csproj", "{5434C308-F23D-41BD-BF1F-E5756456B45B}"
EndProject
Project("{FAE04EC0-301F-11D3-BF4B-00C04F79EFBC}") = "D17_Exceptions", "D17_Exceptions\D17_Exceptions.csproj", "{CB74BC0C-B58D-40AA-A95E-928523C2BBC4}"
EndProject
Project("{FAE04EC0-301F-11D3-BF4B-00C04F79EFBC}") = "D18_AdoNetDemo", "D18_AdoNetDemo\D18_AdoNetDemo.csproj", "{EFD5C012-0868-466B-BBE9-5D7C570AF73F}"
EndProject
Project("{FAE04EC0-301F-11D3-BF4B-00C04F79EFBC}") = "D19_EntityFeamworkDemo", "D19_EntityFeamworkDemo\D19_EntityFeamworkDemo.csproj", "{D5E37ADF-3AA1-478D-8096-A76D82C913BE}"
EndProject
Global
	GlobalSection(SolutionConfigurationPlatforms) = preSolution
		Debug|Any CPU = Debug|Any CPU
		Release|Any CPU = Release|Any CPU
	EndGlobalSection
	GlobalSection(ProjectConfigurationPlatforms) = postSolution
		{A9CA3A4B-6406-43AA-A53A-194B76868362}.Debug|Any CPU.ActiveCfg = Debug|Any CPU
		{A9CA3A4B-6406-43AA-A53A-194B76868362}.Debug|Any CPU.Build.0 = Debug|Any CPU
		{A9CA3A4B-6406-43AA-A53A-194B76868362}.Release|Any CPU.ActiveCfg = Release|Any CPU
		{A9CA3A4B-6406-43AA-A53A-194B76868362}.Release|Any CPU.Build.0 = Release|Any CPU
		{177CFB61-3C4D-4707-8EC6-F1418077C3A6}.Debug|Any CPU.ActiveCfg = Debug|Any CPU
		{177CFB61-3C4D-4707-8EC6-F1418077C3A6}.Debug|Any CPU.Build.0 = Debug|Any CPU
		{177CFB61-3C4D-4707-8EC6-F1418077C3A6}.Release|Any CPU.ActiveCfg = Release|Any CPU
		{177CFB61-3C4D-4707-8EC6-F1418077C3A6}.Release|Any CPU.Build.0 = Release|Any CPU
		{6A3B268C-F93E-4638-A29F-A5719F786E1A}.Debug|Any CPU.ActiveCfg = Debug|Any CPU
		{6A3B268C-F93E-4638-A29F-A5719F786E1A}.Debug|Any CPU.Build.0 = Debug|Any CPU
		{6A3B268C-F93E-4638-A29F-A5719F786E1A}.Release|Any CPU.ActiveCfg = Release|Any CPU
		{6A3B268C-F93E-4638-A29F-A5719F786E1A}.Release|Any CPU.Build.0 = Release|Any CPU
		{7EECAE7A-24D1-4E58-897E-230BCCC432B3}.Debug|Any CPU.ActiveCfg = Debug|Any CPU
		{7EECAE7A-24D1-4E58-897E-230BCCC432B3}.Debug|Any CPU.Build.0 = Debug|Any CPU
		{7EECAE7A-24D1-4E58-897E-230BCCC432B3}.Release|Any CPU.ActiveCfg = Release|Any CPU
		{7EECAE7A-24D1-4E58-897E-230BCCC432B3}.Release|Any CPU.Build.0 = Release|Any CPU
		{B133A291-8A87-4C84-BCE9-DFB24620895E}.Debug|Any CPU.ActiveCfg = Debug|Any CPU
		{B133A291-8A87-4C84-BCE9-DFB24620895E}.Debug|Any CPU.Build.0 = Debug|Any CPU
		{B133A291-8A87-4C84-BCE9-DFB24620895E}.Release|Any CPU.ActiveCfg = Release|Any CPU
		{B133A291-8A87-4C84-BCE9-DFB24620895E}.Release|Any CPU.Build.0 = Release|Any CPU
		{827FBD40-0C2E-4B16-8879-0EC50CDB09D1}.Debug|Any CPU.ActiveCfg = Debug|Any CPU
		{827FBD40-0C2E-4B16-8879-0EC50CDB09D1}.Debug|Any CPU.Build.0 = Debug|Any CPU
		{827FBD40-0C2E-4B16-8879-0EC50CDB09D1}.Release|Any CPU.ActiveCfg = Release|Any CPU
		{827FBD40-0C2E-4B16-8879-0EC50CDB09D1}.Release|Any CPU.Build.0 = Release|Any CPU
		{DD3CFF67-516A-4D05-A2B1-EF87118A77DE}.Debug|Any CPU.ActiveCfg = Debug|Any CPU
		{DD3CFF67-516A-4D05-A2B1-EF87118A77DE}.Debug|Any CPU.Build.0 = Debug|Any CPU
		{DD3CFF67-516A-4D05-A2B1-EF87118A77DE}.Release|Any CPU.ActiveCfg = Release|Any CPU
		{DD3CFF67-516A-4D05-A2B1-EF87118A77DE}.Release|Any CPU.Build.0 = Release|Any CPU
		{47472280-A3EF-4D38-A079-E15F13FEF388}.Debug|Any CPU.ActiveCfg = Debug|Any CPU
		{47472280-A3EF-4D38-A079-E15F13FEF388}.Debug|Any CPU.Build.0 = Debug|Any CPU
		{47472280-A3EF-4D38-A079-E15F13FEF388}.Release|Any CPU.ActiveCfg = Release|Any CPU
		{47472280-A3EF-4D38-A079-E15F13FEF388}.Release|Any CPU.Build.0 = Release|Any CPU
		{C9337621-F301-4206-B341-57BB682A5FC7}.Debug|Any CPU.ActiveCfg = Debug|Any CPU
		{C9337621-F301-4206-B341-57BB682A5FC7}.Debug|Any CPU.Build.0 = Debug|Any CPU
		{C9337621-F301-4206-B341-57BB682A5FC7}.Release|Any CPU.ActiveCfg = Release|Any CPU
		{C9337621-F301-4206-B341-57BB682A5FC7}.Release|Any CPU.Build.0 = Release|Any CPU
		{36F33E54-6A93-4C6B-A4AD-C124C29CE8AD}.Debug|Any CPU.ActiveCfg = Debug|Any CPU
		{36F33E54-6A93-4C6B-A4AD-C124C29CE8AD}.Debug|Any CPU.Build.0 = Debug|Any CPU
		{36F33E54-6A93-4C6B-A4AD-C124C29CE8AD}.Release|Any CPU.ActiveCfg = Release|Any CPU
		{36F33E54-6A93-4C6B-A4AD-C124C29CE8AD}.Release|Any CPU.Build.0 = Release|Any CPU
		{099E1B17-BA66-4DAE-9C1E-7285E436DC2B}.Debug|Any CPU.ActiveCfg = Debug|Any CPU
		{099E1B17-BA66-4DAE-9C1E-7285E436DC2B}.Debug|Any CPU.Build.0 = Debug|Any CPU
		{099E1B17-BA66-4DAE-9C1E-7285E436DC2B}.Release|Any CPU.ActiveCfg = Release|Any CPU
		{099E1B17-BA66-4DAE-9C1E-7285E436DC2B}.Release|Any CPU.Build.0 = Release|Any CPU
		{E5B8C12D-2D7C-4771-997A-83734E2ADC16}.Debug|Any CPU.ActiveCfg = Debug|Any CPU
		{E5B8C12D-2D7C-4771-997A-83734E2ADC16}.Debug|Any CPU.Build.0 = Debug|Any CPU
		{E5B8C12D-2D7C-4771-997A-83734E2ADC16}.Release|Any CPU.ActiveCfg = Release|Any CPU
		{E5B8C12D-2D7C-4771-997A-83734E2ADC16}.Release|Any CPU.Build.0 = Release|Any CPU
		{38214378-3512-4FEA-8E47-B809FC4325E2}.Debug|Any CPU.ActiveCfg = Debug|Any CPU
		{38214378-3512-4FEA-8E47-B809FC4325E2}.Debug|Any CPU.Build.0 = Debug|Any CPU
		{38214378-3512-4FEA-8E47-B809FC4325E2}.Release|Any CPU.ActiveCfg = Release|Any CPU
		{38214378-3512-4FEA-8E47-B809FC4325E2}.Release|Any CPU.Build.0 = Release|Any CPU
		{AF9FDF14-0BEB-4E32-8A83-55AB8C675D05}.Debug|Any CPU.ActiveCfg = Debug|Any CPU
		{AF9FDF14-0BEB-4E32-8A83-55AB8C675D05}.Debug|Any CPU.Build.0 = Debug|Any CPU
		{AF9FDF14-0BEB-4E32-8A83-55AB8C675D05}.Release|Any CPU.ActiveCfg = Release|Any CPU
		{AF9FDF14-0BEB-4E32-8A83-55AB8C675D05}.Release|Any CPU.Build.0 = Release|Any CPU
		{B88C0EBB-83C9-49F0-86EC-80BCBC320374}.Debug|Any CPU.ActiveCfg = Debug|Any CPU
		{B88C0EBB-83C9-49F0-86EC-80BCBC320374}.Debug|Any CPU.Build.0 = Debug|Any CPU
		{B88C0EBB-83C9-49F0-86EC-80BCBC320374}.Release|Any CPU.ActiveCfg = Release|Any CPU
		{B88C0EBB-83C9-49F0-86EC-80BCBC320374}.Release|Any CPU.Build.0 = Release|Any CPU
		{5434C308-F23D-41BD-BF1F-E5756456B45B}.Debug|Any CPU.ActiveCfg = Debug|Any CPU
		{5434C308-F23D-41BD-BF1F-E5756456B45B}.Debug|Any CPU.Build.0 = Debug|Any CPU
		{5434C308-F23D-41BD-BF1F-E5756456B45B}.Release|Any CPU.ActiveCfg = Release|Any CPU
		{5434C308-F23D-41BD-BF1F-E5756456B45B}.Release|Any CPU.Build.0 = Release|Any CPU
		{CB74BC0C-B58D-40AA-A95E-928523C2BBC4}.Debug|Any CPU.ActiveCfg = Debug|Any CPU
		{CB74BC0C-B58D-40AA-A95E-928523C2BBC4}.Debug|Any CPU.Build.0 = Debug|Any CPU
		{CB74BC0C-B58D-40AA-A95E-928523C2BBC4}.Release|Any CPU.ActiveCfg = Release|Any CPU
		{CB74BC0C-B58D-40AA-A95E-928523C2BBC4}.Release|Any CPU.Build.0 = Release|Any CPU
		{EFD5C012-0868-466B-BBE9-5D7C570AF73F}.Debug|Any CPU.ActiveCfg = Debug|Any CPU
		{EFD5C012-0868-466B-BBE9-5D7C570AF73F}.Debug|Any CPU.Build.0 = Debug|Any CPU
		{EFD5C012-0868-466B-BBE9-5D7C570AF73F}.Release|Any CPU.ActiveCfg = Release|Any CPU
		{EFD5C012-0868-466B-BBE9-5D7C570AF73F}.Release|Any CPU.Build.0 = Release|Any CPU
		{D5E37ADF-3AA1-478D-8096-A76D82C913BE}.Debug|Any CPU.ActiveCfg = Debug|Any CPU
		{D5E37ADF-3AA1-478D-8096-A76D82C913BE}.Debug|Any CPU.Build.0 = Debug|Any CPU
		{D5E37ADF-3AA1-478D-8096-A76D82C913BE}.Release|Any CPU.ActiveCfg = Release|Any CPU
		{D5E37ADF-3AA1-478D-8096-A76D82C913BE}.Release|Any CPU.Build.0 = Release|Any CPU
	EndGlobalSection
	GlobalSection(SolutionProperties) = preSolution
		HideSolutionNode = FALSE
	EndGlobalSection
	GlobalSection(ExtensibilityGlobals) = postSolution
		SolutionGuid = {31472A00-6798-4B47-8519-5D357D281823}
	EndGlobalSection
EndGlobal
