
Microsoft Visual Studio Solution File, Format Version 12.00
# Visual Studio Version 17
VisualStudioVersion = 17.7.34221.43
MinimumVisualStudioVersion = 10.0.40219.1
Project("{FAE04EC0-301F-11D3-BF4B-00C04F79EFBC}") = "L1_TextBoxForm", "L1_TextBoxForm\L1_TextBoxForm.csproj", "{B3C70F11-46E5-4DC9-923D-F56FEE0C2A4D}"
EndProject
Project("{FAE04EC0-301F-11D3-BF4B-00C04F79EFBC}") = "R1_LoginPage", "R1_LoginPage\R1_LoginPage.csproj", "{70352D86-C633-4B15-ACB3-D4855456EECB}"
EndProject
Project("{FAE04EC0-301F-11D3-BF4B-00C04F79EFBC}") = "WindowsFormsApp1", "WindowsFormsApp1\WindowsFormsApp1.csproj", "{1E993AA4-935D-4B93-B345-43DB70D0BEF2}"
EndProject
Global
	GlobalSection(SolutionConfigurationPlatforms) = preSolution
		Debug|Any CPU = Debug|Any CPU
		Release|Any CPU = Release|Any CPU
	EndGlobalSection
	GlobalSection(ProjectConfigurationPlatforms) = postSolution
		{B3C70F11-46E5-4DC9-923D-F56FEE0C2A4D}.Debug|Any CPU.ActiveCfg = Debug|Any CPU
		{B3C70F11-46E5-4DC9-923D-F56FEE0C2A4D}.Debug|Any CPU.Build.0 = Debug|Any CPU
		{B3C70F11-46E5-4DC9-923D-F56FEE0C2A4D}.Release|Any CPU.ActiveCfg = Release|Any CPU
		{B3C70F11-46E5-4DC9-923D-F56FEE0C2A4D}.Release|Any CPU.Build.0 = Release|Any CPU
		{70352D86-C633-4B15-ACB3-D4855456EECB}.Debug|Any CPU.ActiveCfg = Debug|Any CPU
		{70352D86-C633-4B15-ACB3-D4855456EECB}.Debug|Any CPU.Build.0 = Debug|Any CPU
		{70352D86-C633-4B15-ACB3-D4855456EECB}.Release|Any CPU.ActiveCfg = Release|Any CPU
		{70352D86-C633-4B15-ACB3-D4855456EECB}.Release|Any CPU.Build.0 = Release|Any CPU
		{1E993AA4-935D-4B93-B345-43DB70D0BEF2}.Debug|Any CPU.ActiveCfg = Debug|Any CPU
		{1E993AA4-935D-4B93-B345-43DB70D0BEF2}.Debug|Any CPU.Build.0 = Debug|Any CPU
		{1E993AA4-935D-4B93-B345-43DB70D0BEF2}.Release|Any CPU.ActiveCfg = Release|Any CPU
		{1E993AA4-935D-4B93-B345-43DB70D0BEF2}.Release|Any CPU.Build.0 = Release|Any CPU
	EndGlobalSection
	GlobalSection(SolutionProperties) = preSolution
		HideSolutionNode = FALSE
	EndGlobalSection
	GlobalSection(ExtensibilityGlobals) = postSolution
		SolutionGuid = {F529FDB3-D7DF-4654-977D-A6D40818B435}
	EndGlobalSection
EndGlobal
